// !$*UTF8*$!
{
	archiveVersion = 1;
	classes = {
	};
	objectVersion = 55;
	objects = {

/* Begin PBXBuildFile section */
		FC5AA719281C0AA90023A788 /* AppDelegate.swift in Sources */ = {isa = PBXBuildFile; fileRef = FC5AA718281C0AA90023A788 /* AppDelegate.swift */; };
		FC5AA71B281C0AA90023A788 /* SceneDelegate.swift in Sources */ = {isa = PBXBuildFile; fileRef = FC5AA71A281C0AA90023A788 /* SceneDelegate.swift */; };
		FC5AA723281C0AA90023A788 /* CoreData2.xcdatamodeld in Sources */ = {isa = PBXBuildFile; fileRef = FC5AA721281C0AA90023A788 /* CoreData2.xcdatamodeld */; };
		FC5AA725281C0AAD0023A788 /* Assets.xcassets in Resources */ = {isa = PBXBuildFile; fileRef = FC5AA724281C0AAD0023A788 /* Assets.xcassets */; };
		FC5AA728281C0AAD0023A788 /* LaunchScreen.storyboard in Resources */ = {isa = PBXBuildFile; fileRef = FC5AA726281C0AAD0023A788 /* LaunchScreen.storyboard */; };
		FC5AA735281C0E6D0023A788 /* AddViewController.swift in Sources */ = {isa = PBXBuildFile; fileRef = FC5AA72F281C0E6D0023A788 /* AddViewController.swift */; };
		FC5AA736281C0E6D0023A788 /* Service.swift in Sources */ = {isa = PBXBuildFile; fileRef = FC5AA730281C0E6D0023A788 /* Service.swift */; };
		FC5AA737281C0E6D0023A788 /* DetailsViewController.swift in Sources */ = {isa = PBXBuildFile; fileRef = FC5AA731281C0E6D0023A788 /* DetailsViewController.swift */; };
		FC5AA738281C0E6D0023A788 /* CoreDataError.swift in Sources */ = {isa = PBXBuildFile; fileRef = FC5AA732281C0E6D0023A788 /* CoreDataError.swift */; };
		FC5AA739281C0E6D0023A788 /* ViewController.swift in Sources */ = {isa = PBXBuildFile; fileRef = FC5AA733281C0E6D0023A788 /* ViewController.swift */; };
		FC5AA73A281C0E6D0023A788 /* CollectionViewCell.swift in Sources */ = {isa = PBXBuildFile; fileRef = FC5AA734281C0E6D0023A788 /* CollectionViewCell.swift */; };
		FC5AA73D281C0F060023A788 /* SparkUI in Frameworks */ = {isa = PBXBuildFile; productRef = FC5AA73C281C0F060023A788 /* SparkUI */; };
		FC5AA740281C175D0023A788 /* Task+CoreDataClass.swift in Sources */ = {isa = PBXBuildFile; fileRef = FC5AA73E281C175D0023A788 /* Task+CoreDataClass.swift */; };
		FC5AA741281C175D0023A788 /* Task+CoreDataProperties.swift in Sources */ = {isa = PBXBuildFile; fileRef = FC5AA73F281C175D0023A788 /* Task+CoreDataProperties.swift */; };
/* End PBXBuildFile section */

/* Begin PBXFileReference section */
		FC5AA715281C0AA90023A788 /* CoreData2.app */ = {isa = PBXFileReference; explicitFileType = wrapper.application; includeInIndex = 0; path = CoreData2.app; sourceTree = BUILT_PRODUCTS_DIR; };
		FC5AA718281C0AA90023A788 /* AppDelegate.swift */ = {isa = PBXFileReference; lastKnownFileType = sourcecode.swift; path = AppDelegate.swift; sourceTree = "<group>"; };
		FC5AA71A281C0AA90023A788 /* SceneDelegate.swift */ = {isa = PBXFileReference; lastKnownFileType = sourcecode.swift; path = SceneDelegate.swift; sourceTree = "<group>"; };
		FC5AA722281C0AA90023A788 /* CoreData2.xcdatamodel */ = {isa = PBXFileReference; lastKnownFileType = wrapper.xcdatamodel; path = CoreData2.xcdatamodel; sourceTree = "<group>"; };
		FC5AA724281C0AAD0023A788 /* Assets.xcassets */ = {isa = PBXFileReference; lastKnownFileType = folder.assetcatalog; path = Assets.xcassets; sourceTree = "<group>"; };
		FC5AA727281C0AAD0023A788 /* Base */ = {isa = PBXFileReference; lastKnownFileType = file.storyboard; name = Base; path = Base.lproj/LaunchScreen.storyboard; sourceTree = "<group>"; };
		FC5AA729281C0AAD0023A788 /* Info.plist */ = {isa = PBXFileReference; lastKnownFileType = text.plist.xml; path = Info.plist; sourceTree = "<group>"; };
		FC5AA72F281C0E6D0023A788 /* AddViewController.swift */ = {isa = PBXFileReference; fileEncoding = 4; lastKnownFileType = sourcecode.swift; name = AddViewController.swift; path = ../../CoreDataFun2Resources/AddViewController.swift; sourceTree = "<group>"; };
		FC5AA730281C0E6D0023A788 /* Service.swift */ = {isa = PBXFileReference; fileEncoding = 4; lastKnownFileType = sourcecode.swift; name = Service.swift; path = ../../CoreDataFun2Resources/Service.swift; sourceTree = "<group>"; };
		FC5AA731281C0E6D0023A788 /* DetailsViewController.swift */ = {isa = PBXFileReference; fileEncoding = 4; lastKnownFileType = sourcecode.swift; name = DetailsViewController.swift; path = ../../CoreDataFun2Resources/DetailsViewController.swift; sourceTree = "<group>"; };
		FC5AA732281C0E6D0023A788 /* CoreDataError.swift */ = {isa = PBXFileReference; fileEncoding = 4; lastKnownFileType = sourcecode.swift; name = CoreDataError.swift; path = ../../CoreDataFun2Resources/CoreDataError.swift; sourceTree = "<group>"; };
		FC5AA733281C0E6D0023A788 /* ViewController.swift */ = {isa = PBXFileReference; fileEncoding = 4; lastKnownFileType = sourcecode.swift; name = ViewController.swift; path = ../../CoreDataFun2Resources/ViewController.swift; sourceTree = "<group>"; };
		FC5AA734281C0E6D0023A788 /* CollectionViewCell.swift */ = {isa = PBXFileReference; fileEncoding = 4; lastKnownFileType = sourcecode.swift; name = CollectionViewCell.swift; path = ../../CoreDataFun2Resources/CollectionViewCell.swift; sourceTree = "<group>"; };
		FC5AA73E281C175D0023A788 /* Task+CoreDataClass.swift */ = {isa = PBXFileReference; lastKnownFileType = sourcecode.swift; path = "Task+CoreDataClass.swift"; sourceTree = "<group>"; };
		FC5AA73F281C175D0023A788 /* Task+CoreDataProperties.swift */ = {isa = PBXFileReference; lastKnownFileType = sourcecode.swift; path = "Task+CoreDataProperties.swift"; sourceTree = "<group>"; };
/* End PBXFileReference section */

/* Begin PBXFrameworksBuildPhase section */
		FC5AA712281C0AA90023A788 /* Frameworks */ = {
			isa = PBXFrameworksBuildPhase;
			buildActionMask = 2147483647;
			files = (
				FC5AA73D281C0F060023A788 /* SparkUI in Frameworks */,
			);
			runOnlyForDeploymentPostprocessing = 0;
		};
/* End PBXFrameworksBuildPhase section */

/* Begin PBXGroup section */
		FC5AA70C281C0AA90023A788 = {
			isa = PBXGroup;
			children = (
				FC5AA717281C0AA90023A788 /* CoreData2 */,
				FC5AA716281C0AA90023A788 /* Products */,
			);
			sourceTree = "<group>";
		};
		FC5AA716281C0AA90023A788 /* Products */ = {
			isa = PBXGroup;
			children = (
				FC5AA715281C0AA90023A788 /* CoreData2.app */,
			);
			name = Products;
			sourceTree = "<group>";
		};
		FC5AA717281C0AA90023A788 /* CoreData2 */ = {
			isa = PBXGroup;
			children = (
				FC5AA73E281C175D0023A788 /* Task+CoreDataClass.swift */,
				FC5AA73F281C175D0023A788 /* Task+CoreDataProperties.swift */,
				FC5AA718281C0AA90023A788 /* AppDelegate.swift */,
				FC5AA71A281C0AA90023A788 /* SceneDelegate.swift */,
				FC5AA724281C0AAD0023A788 /* Assets.xcassets */,
				FC5AA726281C0AAD0023A788 /* LaunchScreen.storyboard */,
				FC5AA729281C0AAD0023A788 /* Info.plist */,
				FC5AA721281C0AA90023A788 /* CoreData2.xcdatamodeld */,
				FC5AA72F281C0E6D0023A788 /* AddViewController.swift */,
				FC5AA734281C0E6D0023A788 /* CollectionViewCell.swift */,
				FC5AA732281C0E6D0023A788 /* CoreDataError.swift */,
				FC5AA731281C0E6D0023A788 /* DetailsViewController.swift */,
				FC5AA730281C0E6D0023A788 /* Service.swift */,
				FC5AA733281C0E6D0023A788 /* ViewController.swift */,
			);
			path = CoreData2;
			sourceTree = "<group>";
		};
/* End PBXGroup section */

/* Begin PBXNativeTarget section */
		FC5AA714281C0AA90023A788 /* CoreData2 */ = {
			isa = PBXNativeTarget;
			buildConfigurationList = FC5AA72C281C0AAD0023A788 /* Build configuration list for PBXNativeTarget "CoreData2" */;
			buildPhases = (
				FC5AA711281C0AA90023A788 /* Sources */,
				FC5AA712281C0AA90023A788 /* Frameworks */,
				FC5AA713281C0AA90023A788 /* Resources */,
			);
			buildRules = (
			);
			dependencies = (
			);
			name = CoreData2;
			packageProductDependencies = (
				FC5AA73C281C0F060023A788 /* SparkUI */,
			);
			productName = CoreData2;
			productReference = FC5AA715281C0AA90023A788 /* CoreData2.app */;
			productType = "com.apple.product-type.application";
		};
/* End PBXNativeTarget section */

/* Begin PBXProject section */
		FC5AA70D281C0AA90023A788 /* Project object */ = {
			isa = PBXProject;
			attributes = {
				BuildIndependentTargetsInParallel = 1;
				LastSwiftUpdateCheck = 1330;
				LastUpgradeCheck = 1330;
				TargetAttributes = {
					FC5AA714281C0AA90023A788 = {
						CreatedOnToolsVersion = 13.3.1;
					};
				};
			};
			buildConfigurationList = FC5AA710281C0AA90023A788 /* Build configuration list for PBXProject "CoreData2" */;
			compatibilityVersion = "Xcode 13.0";
			developmentRegion = en;
			hasScannedForEncodings = 0;
			knownRegions = (
				en,
				Base,
			);
			mainGroup = FC5AA70C281C0AA90023A788;
			packageReferences = (
				FC5AA73B281C0F060023A788 /* XCRemoteSwiftPackageReference "SparkUI" */,
			);
			productRefGroup = FC5AA716281C0AA90023A788 /* Products */;
			projectDirPath = "";
			projectRoot = "";
			targets = (
				FC5AA714281C0AA90023A788 /* CoreData2 */,
			);
		};
/* End PBXProject section */

/* Begin PBXResourcesBuildPhase section */
		FC5AA713281C0AA90023A788 /* Resources */ = {
			isa = PBXResourcesBuildPhase;
			buildActionMask = 2147483647;
			files = (
				FC5AA728281C0AAD0023A788 /* LaunchScreen.storyboard in Resources */,
				FC5AA725281C0AAD0023A788 /* Assets.xcassets in Resources */,
			);
			runOnlyForDeploymentPostprocessing = 0;
		};
/* End PBXResourcesBuildPhase section */

/* Begin PBXSourcesBuildPhase section */
		FC5AA711281C0AA90023A788 /* Sources */ = {
			isa = PBXSourcesBuildPhase;
			buildActionMask = 2147483647;
			files = (
				FC5AA719281C0AA90023A788 /* AppDelegate.swift in Sources */,
				FC5AA71B281C0AA90023A788 /* SceneDelegate.swift in Sources */,
				FC5AA73A281C0E6D0023A788 /* CollectionViewCell.swift in Sources */,
				FC5AA736281C0E6D0023A788 /* Service.swift in Sources */,
				FC5AA741281C175D0023A788 /* Task+CoreDataProperties.swift in Sources */,
				FC5AA735281C0E6D0023A788 /* AddViewController.swift in Sources */,
				FC5AA723281C0AA90023A788 /* CoreData2.xcdatamodeld in Sources */,
				FC5AA740281C175D0023A788 /* Task+CoreDataClass.swift in Sources */,
				FC5AA737281C0E6D0023A788 /* DetailsViewController.swift in Sources */,
				FC5AA739281C0E6D0023A788 /* ViewController.swift in Sources */,
				FC5AA738281C0E6D0023A788 /* CoreDataError.swift in Sources */,
			);
			runOnlyForDeploymentPostprocessing = 0;
		};
/* End PBXSourcesBuildPhase section */

/* Begin PBXVariantGroup section */
		FC5AA726281C0AAD0023A788 /* LaunchScreen.storyboard */ = {
			isa = PBXVariantGroup;
			children = (
				FC5AA727281C0AAD0023A788 /* Base */,
			);
			name = LaunchScreen.storyboard;
			sourceTree = "<group>";
		};
/* End PBXVariantGroup section */

/* Begin XCBuildConfiguration section */
		FC5AA72A281C0AAD0023A788 /* Debug */ = {
			isa = XCBuildConfiguration;
			buildSettings = {
				ALWAYS_SEARCH_USER_PATHS = NO;
				CLANG_ANALYZER_NONNULL = YES;
				CLANG_ANALYZER_NUMBER_OBJECT_CONVERSION = YES_AGGRESSIVE;
				CLANG_CXX_LANGUAGE_STANDARD = "gnu++17";
				CLANG_ENABLE_MODULES = YES;
				CLANG_ENABLE_OBJC_ARC = YES;
				CLANG_ENABLE_OBJC_WEAK = YES;
				CLANG_WARN_BLOCK_CAPTURE_AUTORELEASING = YES;
				CLANG_WARN_BOOL_CONVERSION = YES;
				CLANG_WARN_COMMA = YES;
				CLANG_WARN_CONSTANT_CONVERSION = YES;
				CLANG_WARN_DEPRECATED_OBJC_IMPLEMENTATIONS = YES;
				CLANG_WARN_DIRECT_OBJC_ISA_USAGE = YES_ERROR;
				CLANG_WARN_DOCUMENTATION_COMMENTS = YES;
				CLANG_WARN_EMPTY_BODY = YES;
				CLANG_WARN_ENUM_CONVERSION = YES;
				CLANG_WARN_INFINITE_RECURSION = YES;
				CLANG_WARN_INT_CONVERSION = YES;
				CLANG_WARN_NON_LITERAL_NULL_CONVERSION = YES;
				CLANG_WARN_OBJC_IMPLICIT_RETAIN_SELF = YES;
				CLANG_WARN_OBJC_LITERAL_CONVERSION = YES;
				CLANG_WARN_OBJC_ROOT_CLASS = YES_ERROR;
				CLANG_WARN_QUOTED_INCLUDE_IN_FRAMEWORK_HEADER = YES;
				CLANG_WARN_RANGE_LOOP_ANALYSIS = YES;
				CLANG_WARN_STRICT_PROTOTYPES = YES;
				CLANG_WARN_SUSPICIOUS_MOVE = YES;
				CLANG_WARN_UNGUARDED_AVAILABILITY = YES_AGGRESSIVE;
				CLANG_WARN_UNREACHABLE_CODE = YES;
				CLANG_WARN__DUPLICATE_METHOD_MATCH = YES;
				COPY_PHASE_STRIP = NO;
				DEBUG_INFORMATION_FORMAT = dwarf;
				ENABLE_STRICT_OBJC_MSGSEND = YES;
				ENABLE_TESTABILITY = YES;
				GCC_C_LANGUAGE_STANDARD = gnu11;
				GCC_DYNAMIC_NO_PIC = NO;
				GCC_NO_COMMON_BLOCKS = YES;
				GCC_OPTIMIZATION_LEVEL = 0;
				GCC_PREPROCESSOR_DEFINITIONS = (
					"DEBUG=1",
					"$(inherited)",
				);
				GCC_WARN_64_TO_32_BIT_CONVERSION = YES;
				GCC_WARN_ABOUT_RETURN_TYPE = YES_ERROR;
				GCC_WARN_UNDECLARED_SELECTOR = YES;
				GCC_WARN_UNINITIALIZED_AUTOS = YES_AGGRESSIVE;
				GCC_WARN_UNUSED_FUNCTION = YES;
				GCC_WARN_UNUSED_VARIABLE = YES;
				IPHONEOS_DEPLOYMENT_TARGET = 15.4;
				MTL_ENABLE_DEBUG_INFO = INCLUDE_SOURCE;
				MTL_FAST_MATH = YES;
				ONLY_ACTIVE_ARCH = YES;
				SDKROOT = iphoneos;
				SWIFT_ACTIVE_COMPILATION_CONDITIONS = DEBUG;
				SWIFT_OPTIMIZATION_LEVEL = "-Onone";
			};
			name = Debug;
		};
		FC5AA72B281C0AAD0023A788 /* Release */ = {
			isa = XCBuildConfiguration;
			buildSettings = {
				ALWAYS_SEARCH_USER_PATHS = NO;
				CLANG_ANALYZER_NONNULL = YES;
				CLANG_ANALYZER_NUMBER_OBJECT_CONVERSION = YES_AGGRESSIVE;
				CLANG_CXX_LANGUAGE_STANDARD = "gnu++17";
				CLANG_ENABLE_MODULES = YES;
				CLANG_ENABLE_OBJC_ARC = YES;
				CLANG_ENABLE_OBJC_WEAK = YES;
				CLANG_WARN_BLOCK_CAPTURE_AUTORELEASING = YES;
				CLANG_WARN_BOOL_CONVERSION = YES;
				CLANG_WARN_COMMA = YES;
				CLANG_WARN_CONSTANT_CONVERSION = YES;
				CLANG_WARN_DEPRECATED_OBJC_IMPLEMENTATIONS = YES;
				CLANG_WARN_DIRECT_OBJC_ISA_USAGE = YES_ERROR;
				CLANG_WARN_DOCUMENTATION_COMMENTS = YES;
				CLANG_WARN_EMPTY_BODY = YES;
				CLANG_WARN_ENUM_CONVERSION = YES;
				CLANG_WARN_INFINITE_RECURSION = YES;
				CLANG_WARN_INT_CONVERSION = YES;
				CLANG_WARN_NON_LITERAL_NULL_CONVERSION = YES;
				CLANG_WARN_OBJC_IMPLICIT_RETAIN_SELF = YES;
				CLANG_WARN_OBJC_LITERAL_CONVERSION = YES;
				CLANG_WARN_OBJC_ROOT_CLASS = YES_ERROR;
				CLANG_WARN_QUOTED_INCLUDE_IN_FRAMEWORK_HEADER = YES;
				CLANG_WARN_RANGE_LOOP_ANALYSIS = YES;
				CLANG_WARN_STRICT_PROTOTYPES = YES;
				CLANG_WARN_SUSPICIOUS_MOVE = YES;
				CLANG_WARN_UNGUARDED_AVAILABILITY = YES_AGGRESSIVE;
				CLANG_WARN_UNREACHABLE_CODE = YES;
				CLANG_WARN__DUPLICATE_METHOD_MATCH = YES;
				COPY_PHASE_STRIP = NO;
				DEBUG_INFORMATION_FORMAT = "dwarf-with-dsym";
				ENABLE_NS_ASSERTIONS = NO;
				ENABLE_STRICT_OBJC_MSGSEND = YES;
				GCC_C_LANGUAGE_STANDARD = gnu11;
				GCC_NO_COMMON_BLOCKS = YES;
				GCC_WARN_64_TO_32_BIT_CONVERSION = YES;
				GCC_WARN_ABOUT_RETURN_TYPE = YES_ERROR;
				GCC_WARN_UNDECLARED_SELECTOR = YES;
				GCC_WARN_UNINITIALIZED_AUTOS = YES_AGGRESSIVE;
				GCC_WARN_UNUSED_FUNCTION = YES;
				GCC_WARN_UNUSED_VARIABLE = YES;
				IPHONEOS_DEPLOYMENT_TARGET = 15.4;
				MTL_ENABLE_DEBUG_INFO = NO;
				MTL_FAST_MATH = YES;
				SDKROOT = iphoneos;
				SWIFT_COMPILATION_MODE = wholemodule;
				SWIFT_OPTIMIZATION_LEVEL = "-O";
				VALIDATE_PRODUCT = YES;
			};
			name = Release;
		};
		FC5AA72D281C0AAD0023A788 /* Debug */ = {
			isa = XCBuildConfiguration;
			buildSettings = {
				ASSETCATALOG_COMPILER_APPICON_NAME = AppIcon;
				ASSETCATALOG_COMPILER_GLOBAL_ACCENT_COLOR_NAME = AccentColor;
				CODE_SIGN_STYLE = Automatic;
				CURRENT_PROJECT_VERSION = 1;
				DEVELOPMENT_TEAM = 45XJ23SR49;
				GENERATE_INFOPLIST_FILE = YES;
				INFOPLIST_FILE = CoreData2/Info.plist;
				INFOPLIST_KEY_UIApplicationSupportsIndirectInputEvents = YES;
				INFOPLIST_KEY_UILaunchStoryboardName = LaunchScreen;
				INFOPLIST_KEY_UISupportedInterfaceOrientations_iPad = "UIInterfaceOrientationPortrait UIInterfaceOrientationPortraitUpsideDown UIInterfaceOrientationLandscapeLeft UIInterfaceOrientationLandscapeRight";
				INFOPLIST_KEY_UISupportedInterfaceOrientations_iPhone = "UIInterfaceOrientationPortrait UIInterfaceOrientationLandscapeLeft UIInterfaceOrientationLandscapeRight";
				LD_RUNPATH_SEARCH_PATHS = (
					"$(inherited)",
					"@executable_path/Frameworks",
				);
				MARKETING_VERSION = 1.0;
				PRODUCT_BUNDLE_IDENTIFIER = com.viniciusfloresribeiro.CoreData2;
				PRODUCT_NAME = "$(TARGET_NAME)";
				SWIFT_EMIT_LOC_STRINGS = YES;
				SWIFT_VERSION = 5.0;
				TARGETED_DEVICE_FAMILY = "1,2";
			};
			name = Debug;
		};
		FC5AA72E281C0AAD0023A788 /* Release */ = {
			isa = XCBuildConfiguration;
			buildSettings = {
				ASSETCATALOG_COMPILER_APPICON_NAME = AppIcon;
				ASSETCATALOG_COMPILER_GLOBAL_ACCENT_COLOR_NAME = AccentColor;
				CODE_SIGN_STYLE = Automatic;
				CURRENT_PROJECT_VERSION = 1;
				DEVELOPMENT_TEAM = 45XJ23SR49;
				GENERATE_INFOPLIST_FILE = YES;
				INFOPLIST_FILE = CoreData2/Info.plist;
				INFOPLIST_KEY_UIApplicationSupportsIndirectInputEvents = YES;
				INFOPLIST_KEY_UILaunchStoryboardName = LaunchScreen;
				INFOPLIST_KEY_UISupportedInterfaceOrientations_iPad = "UIInterfaceOrientationPortrait UIInterfaceOrientationPortraitUpsideDown UIInterfaceOrientationLandscapeLeft UIInterfaceOrientationLandscapeRight";
				INFOPLIST_KEY_UISupportedInterfaceOrientations_iPhone = "UIInterfaceOrientationPortrait UIInterfaceOrientationLandscapeLeft UIInterfaceOrientationLandscapeRight";
				LD_RUNPATH_SEARCH_PATHS = (
					"$(inherited)",
					"@executable_path/Frameworks",
				);
				MARKETING_VERSION = 1.0;
				PRODUCT_BUNDLE_IDENTIFIER = com.viniciusfloresribeiro.CoreData2;
				PRODUCT_NAME = "$(TARGET_NAME)";
				SWIFT_EMIT_LOC_STRINGS = YES;
				SWIFT_VERSION = 5.0;
				TARGETED_DEVICE_FAMILY = "1,2";
			};
			name = Release;
		};
/* End XCBuildConfiguration section */

/* Begin XCConfigurationList section */
		FC5AA710281C0AA90023A788 /* Build configuration list for PBXProject "CoreData2" */ = {
			isa = XCConfigurationList;
			buildConfigurations = (
				FC5AA72A281C0AAD0023A788 /* Debug */,
				FC5AA72B281C0AAD0023A788 /* Release */,
			);
			defaultConfigurationIsVisible = 0;
			defaultConfigurationName = Release;
		};
		FC5AA72C281C0AAD0023A788 /* Build configuration list for PBXNativeTarget "CoreData2" */ = {
			isa = XCConfigurationList;
			buildConfigurations = (
				FC5AA72D281C0AAD0023A788 /* Debug */,
				FC5AA72E281C0AAD0023A788 /* Release */,
			);
			defaultConfigurationIsVisible = 0;
			defaultConfigurationName = Release;
		};
/* End XCConfigurationList section */

/* Begin XCRemoteSwiftPackageReference section */
		FC5AA73B281C0F060023A788 /* XCRemoteSwiftPackageReference "SparkUI" */ = {
			isa = XCRemoteSwiftPackageReference;
			repositoryURL = "https://github.com/rebeloper/SparkUI";
			requirement = {
				kind = exactVersion;
				version = 0.11.11;
			};
		};
/* End XCRemoteSwiftPackageReference section */

/* Begin XCSwiftPackageProductDependency section */
		FC5AA73C281C0F060023A788 /* SparkUI */ = {
			isa = XCSwiftPackageProductDependency;
			package = FC5AA73B281C0F060023A788 /* XCRemoteSwiftPackageReference "SparkUI" */;
			productName = SparkUI;
		};
/* End XCSwiftPackageProductDependency section */

/* Begin XCVersionGroup section */
		FC5AA721281C0AA90023A788 /* CoreData2.xcdatamodeld */ = {
			isa = XCVersionGroup;
			children = (
				FC5AA722281C0AA90023A788 /* CoreData2.xcdatamodel */,
			);
			currentVersion = FC5AA722281C0AA90023A788 /* CoreData2.xcdatamodel */;
			path = CoreData2.xcdatamodeld;
			sourceTree = "<group>";
			versionGroupType = wrapper.xcdatamodel;
		};
/* End XCVersionGroup section */
	};
	rootObject = FC5AA70D281C0AA90023A788 /* Project object */;
}
